// !$*UTF8*$!
{
	archiveVersion = 1;
	classes = {
	};
	objectVersion = 51;
	objects = {

/* Begin PBXBuildFile section */
		3A33481B2779DA4200F71D3A /* GlobalConst.swift in Sources */ = {isa = PBXBuildFile; fileRef = 3A33481A2779DA4200F71D3A /* GlobalConst.swift */; };
		3A4385AB2789D199002F7022 /* Alarm.swift in Sources */ = {isa = PBXBuildFile; fileRef = 3A4385AA2789D199002F7022 /* Alarm.swift */; };
		3A4385B1278A8B39002F7022 /* EditAlarmPresenter.swift in Sources */ = {isa = PBXBuildFile; fileRef = 3A4385B0278A8B39002F7022 /* EditAlarmPresenter.swift */; };
		3A4385B4278AE42C002F7022 /* Router.swift in Sources */ = {isa = PBXBuildFile; fileRef = 3A4385B3278AE42C002F7022 /* Router.swift */; };
		3A4385B6278B209A002F7022 /* SceneDelegate.swift in Sources */ = {isa = PBXBuildFile; fileRef = 3A4385B5278B2099002F7022 /* SceneDelegate.swift */; };
		3AAC6530274F7B0300660BFD /* AppDelegate.swift in Sources */ = {isa = PBXBuildFile; fileRef = 3AAC652F274F7B0300660BFD /* AppDelegate.swift */; };
		3AAC6534274F7B0300660BFD /* ViewController.swift in Sources */ = {isa = PBXBuildFile; fileRef = 3AAC6533274F7B0300660BFD /* ViewController.swift */; };
		3AAC6537274F7B0300660BFD /* Main.storyboard in Resources */ = {isa = PBXBuildFile; fileRef = 3AAC6535274F7B0300660BFD /* Main.storyboard */; };
		3AAC6539274F7B0400660BFD /* Assets.xcassets in Resources */ = {isa = PBXBuildFile; fileRef = 3AAC6538274F7B0400660BFD /* Assets.xcassets */; };
		3AAC653C274F7B0400660BFD /* LaunchScreen.storyboard in Resources */ = {isa = PBXBuildFile; fileRef = 3AAC653A274F7B0400660BFD /* LaunchScreen.storyboard */; };
		3AAC6545274FD0CC00660BFD /* AlarmTableViewCell.swift in Sources */ = {isa = PBXBuildFile; fileRef = 3AAC6543274FD0CC00660BFD /* AlarmTableViewCell.swift */; };
		3AAC6546274FD0CC00660BFD /* AlarmTableViewCell.xib in Resources */ = {isa = PBXBuildFile; fileRef = 3AAC6544274FD0CC00660BFD /* AlarmTableViewCell.xib */; };
		3ABDB78727BA176500659EC1 /* Database.swift in Sources */ = {isa = PBXBuildFile; fileRef = 3ABDB78627BA176500659EC1 /* Database.swift */; };
		3ABDB78927BA198D00659EC1 /* NotificationManager.swift in Sources */ = {isa = PBXBuildFile; fileRef = 3ABDB78827BA198D00659EC1 /* NotificationManager.swift */; };
		3ABDB78F27BA243200659EC1 /* EditAlarmViewNavigator.swift in Sources */ = {isa = PBXBuildFile; fileRef = 3ABDB78E27BA243200659EC1 /* EditAlarmViewNavigator.swift */; };
		3ABDB79127BA244A00659EC1 /* MainViewNavigator.swift in Sources */ = {isa = PBXBuildFile; fileRef = 3ABDB79027BA244A00659EC1 /* MainViewNavigator.swift */; };
		3ABDB79327BA26E500659EC1 /* EditAlarmViewModel.swift in Sources */ = {isa = PBXBuildFile; fileRef = 3ABDB79227BA26E500659EC1 /* EditAlarmViewModel.swift */; };
		3ABDB79527BA28AA00659EC1 /* MainAlarmViewModel.swift in Sources */ = {isa = PBXBuildFile; fileRef = 3ABDB79427BA28AA00659EC1 /* MainAlarmViewModel.swift */; };
		3ABDB79827BA4ACE00659EC1 /* UIViewController+Rx.swift in Sources */ = {isa = PBXBuildFile; fileRef = 3ABDB79727BA4ACE00659EC1 /* UIViewController+Rx.swift */; };
		3AE430322779A46F00E80B7A /* EditAlarmViewController.swift in Sources */ = {isa = PBXBuildFile; fileRef = 3AE430302779A46F00E80B7A /* EditAlarmViewController.swift */; };
		3AE430332779A46F00E80B7A /* EditAlarmViewController.xib in Resources */ = {isa = PBXBuildFile; fileRef = 3AE430312779A46F00E80B7A /* EditAlarmViewController.xib */; };
		BB9874BE4812C0A5BFE590EF /* Pods_MemoAlarm.framework in Frameworks */ = {isa = PBXBuildFile; fileRef = B0B59089794262CF9FE68191 /* Pods_MemoAlarm.framework */; };
/* End PBXBuildFile section */

/* Begin PBXFileReference section */
		19D2CAA4FE6AD76768AFAFC2 /* Pods-MemoAlarm.debug.xcconfig */ = {isa = PBXFileReference; includeInIndex = 1; lastKnownFileType = text.xcconfig; name = "Pods-MemoAlarm.debug.xcconfig"; path = "Target Support Files/Pods-MemoAlarm/Pods-MemoAlarm.debug.xcconfig"; sourceTree = "<group>"; };
		3A33481A2779DA4200F71D3A /* GlobalConst.swift */ = {isa = PBXFileReference; lastKnownFileType = sourcecode.swift; path = GlobalConst.swift; sourceTree = "<group>"; };
		3A4385AA2789D199002F7022 /* Alarm.swift */ = {isa = PBXFileReference; lastKnownFileType = sourcecode.swift; path = Alarm.swift; sourceTree = "<group>"; };
		3A4385B0278A8B39002F7022 /* EditAlarmPresenter.swift */ = {isa = PBXFileReference; lastKnownFileType = sourcecode.swift; path = EditAlarmPresenter.swift; sourceTree = "<group>"; };
		3A4385B3278AE42C002F7022 /* Router.swift */ = {isa = PBXFileReference; lastKnownFileType = sourcecode.swift; path = Router.swift; sourceTree = "<group>"; };
		3A4385B5278B2099002F7022 /* SceneDelegate.swift */ = {isa = PBXFileReference; lastKnownFileType = sourcecode.swift; path = SceneDelegate.swift; sourceTree = "<group>"; };
		3AAC652C274F7B0300660BFD /* MemoAlarm.app */ = {isa = PBXFileReference; explicitFileType = wrapper.application; includeInIndex = 0; path = MemoAlarm.app; sourceTree = BUILT_PRODUCTS_DIR; };
		3AAC652F274F7B0300660BFD /* AppDelegate.swift */ = {isa = PBXFileReference; lastKnownFileType = sourcecode.swift; path = AppDelegate.swift; sourceTree = "<group>"; };
		3AAC6533274F7B0300660BFD /* ViewController.swift */ = {isa = PBXFileReference; lastKnownFileType = sourcecode.swift; path = ViewController.swift; sourceTree = "<group>"; };
		3AAC6536274F7B0300660BFD /* Base */ = {isa = PBXFileReference; lastKnownFileType = file.storyboard; name = Base; path = Base.lproj/Main.storyboard; sourceTree = "<group>"; };
		3AAC6538274F7B0400660BFD /* Assets.xcassets */ = {isa = PBXFileReference; lastKnownFileType = folder.assetcatalog; path = Assets.xcassets; sourceTree = "<group>"; };
		3AAC653B274F7B0400660BFD /* Base */ = {isa = PBXFileReference; lastKnownFileType = file.storyboard; name = Base; path = Base.lproj/LaunchScreen.storyboard; sourceTree = "<group>"; };
		3AAC653D274F7B0400660BFD /* Info.plist */ = {isa = PBXFileReference; lastKnownFileType = text.plist.xml; path = Info.plist; sourceTree = "<group>"; };
		3AAC6543274FD0CC00660BFD /* AlarmTableViewCell.swift */ = {isa = PBXFileReference; lastKnownFileType = sourcecode.swift; path = AlarmTableViewCell.swift; sourceTree = "<group>"; };
		3AAC6544274FD0CC00660BFD /* AlarmTableViewCell.xib */ = {isa = PBXFileReference; lastKnownFileType = file.xib; path = AlarmTableViewCell.xib; sourceTree = "<group>"; };
		3ABDB78627BA176500659EC1 /* Database.swift */ = {isa = PBXFileReference; lastKnownFileType = sourcecode.swift; path = Database.swift; sourceTree = "<group>"; };
		3ABDB78827BA198D00659EC1 /* NotificationManager.swift */ = {isa = PBXFileReference; lastKnownFileType = sourcecode.swift; path = NotificationManager.swift; sourceTree = "<group>"; };
		3ABDB78E27BA243200659EC1 /* EditAlarmViewNavigator.swift */ = {isa = PBXFileReference; lastKnownFileType = sourcecode.swift; path = EditAlarmViewNavigator.swift; sourceTree = "<group>"; };
		3ABDB79027BA244A00659EC1 /* MainViewNavigator.swift */ = {isa = PBXFileReference; lastKnownFileType = sourcecode.swift; path = MainViewNavigator.swift; sourceTree = "<group>"; };
		3ABDB79227BA26E500659EC1 /* EditAlarmViewModel.swift */ = {isa = PBXFileReference; lastKnownFileType = sourcecode.swift; path = EditAlarmViewModel.swift; sourceTree = "<group>"; };
		3ABDB79427BA28AA00659EC1 /* MainAlarmViewModel.swift */ = {isa = PBXFileReference; lastKnownFileType = sourcecode.swift; path = MainAlarmViewModel.swift; sourceTree = "<group>"; };
		3ABDB79727BA4ACE00659EC1 /* UIViewController+Rx.swift */ = {isa = PBXFileReference; lastKnownFileType = sourcecode.swift; path = "UIViewController+Rx.swift"; sourceTree = "<group>"; };
		3AE430302779A46F00E80B7A /* EditAlarmViewController.swift */ = {isa = PBXFileReference; lastKnownFileType = sourcecode.swift; path = EditAlarmViewController.swift; sourceTree = "<group>"; };
		3AE430312779A46F00E80B7A /* EditAlarmViewController.xib */ = {isa = PBXFileReference; lastKnownFileType = file.xib; path = EditAlarmViewController.xib; sourceTree = "<group>"; };
		755FE0C3A4500872E6942102 /* Pods-MemoAlarm.release.xcconfig */ = {isa = PBXFileReference; includeInIndex = 1; lastKnownFileType = text.xcconfig; name = "Pods-MemoAlarm.release.xcconfig"; path = "Target Support Files/Pods-MemoAlarm/Pods-MemoAlarm.release.xcconfig"; sourceTree = "<group>"; };
		B0B59089794262CF9FE68191 /* Pods_MemoAlarm.framework */ = {isa = PBXFileReference; explicitFileType = wrapper.framework; includeInIndex = 0; path = Pods_MemoAlarm.framework; sourceTree = BUILT_PRODUCTS_DIR; };
/* End PBXFileReference section */

/* Begin PBXFrameworksBuildPhase section */
		3AAC6529274F7B0200660BFD /* Frameworks */ = {
			isa = PBXFrameworksBuildPhase;
			buildActionMask = 2147483647;
			files = (
				BB9874BE4812C0A5BFE590EF /* Pods_MemoAlarm.framework in Frameworks */,
			);
			runOnlyForDeploymentPostprocessing = 0;
		};
/* End PBXFrameworksBuildPhase section */

/* Begin PBXGroup section */
		09FD43676C65366DDF93DA0D /* Frameworks */ = {
			isa = PBXGroup;
			children = (
				B0B59089794262CF9FE68191 /* Pods_MemoAlarm.framework */,
			);
			name = Frameworks;
			sourceTree = "<group>";
		};
		3A4385A92789D17B002F7022 /* Model */ = {
			isa = PBXGroup;
			children = (
				3A4385AA2789D199002F7022 /* Alarm.swift */,
			);
			path = Model;
			sourceTree = "<group>";
		};
		3A4385B2278AE409002F7022 /* Router */ = {
			isa = PBXGroup;
			children = (
				3A4385B3278AE42C002F7022 /* Router.swift */,
			);
			name = Router;
			path = Model;
			sourceTree = "<group>";
		};
		3AAC6523274F7B0200660BFD = {
			isa = PBXGroup;
			children = (
				3AAC652E274F7B0300660BFD /* MemoAlarm */,
				3AAC652D274F7B0300660BFD /* Products */,
				E88EC024E74F257C3AE464A0 /* Pods */,
				09FD43676C65366DDF93DA0D /* Frameworks */,
			);
			sourceTree = "<group>";
		};
		3AAC652D274F7B0300660BFD /* Products */ = {
			isa = PBXGroup;
			children = (
				3AAC652C274F7B0300660BFD /* MemoAlarm.app */,
			);
			name = Products;
			sourceTree = "<group>";
		};
		3AAC652E274F7B0300660BFD /* MemoAlarm */ = {
			isa = PBXGroup;
			children = (
				3AAC652F274F7B0300660BFD /* AppDelegate.swift */,
				3A4385B5278B2099002F7022 /* SceneDelegate.swift */,
				3A33481A2779DA4200F71D3A /* GlobalConst.swift */,
				3A4385A92789D17B002F7022 /* Model */,
				3ABDB78527BA171B00659EC1 /* Dependencies */,
				3ABDB78A27BA22A100659EC1 /* Scenes */,
				3A4385B2278AE409002F7022 /* Router */,
				3ABDB79627BA4AA700659EC1 /* Utils */,
				3AAC6538274F7B0400660BFD /* Assets.xcassets */,
				3AAC653A274F7B0400660BFD /* LaunchScreen.storyboard */,
				3AAC653D274F7B0400660BFD /* Info.plist */,
			);
			path = MemoAlarm;
			sourceTree = "<group>";
		};
		3ABDB78527BA171B00659EC1 /* Dependencies */ = {
			isa = PBXGroup;
			children = (
				3ABDB78627BA176500659EC1 /* Database.swift */,
				3ABDB78827BA198D00659EC1 /* NotificationManager.swift */,
			);
			path = Dependencies;
			sourceTree = "<group>";
		};
		3ABDB78A27BA22A100659EC1 /* Scenes */ = {
			isa = PBXGroup;
			children = (
				3ABDB78B27BA22C900659EC1 /* MainView */,
				3ABDB78C27BA22D200659EC1 /* EditAlarmView */,
			);
			path = Scenes;
			sourceTree = "<group>";
		};
		3ABDB78B27BA22C900659EC1 /* MainView */ = {
			isa = PBXGroup;
			children = (
				3ABDB79427BA28AA00659EC1 /* MainAlarmViewModel.swift */,
				3AAC6533274F7B0300660BFD /* ViewController.swift */,
				3AAC6535274F7B0300660BFD /* Main.storyboard */,
				3ABDB79027BA244A00659EC1 /* MainViewNavigator.swift */,
				3ABDB78D27BA237600659EC1 /* Views */,
			);
			path = MainView;
			sourceTree = "<group>";
		};
		3ABDB78C27BA22D200659EC1 /* EditAlarmView */ = {
			isa = PBXGroup;
			children = (
				3ABDB79227BA26E500659EC1 /* EditAlarmViewModel.swift */,
				3A4385B0278A8B39002F7022 /* EditAlarmPresenter.swift */,
				3AE430302779A46F00E80B7A /* EditAlarmViewController.swift */,
				3AE430312779A46F00E80B7A /* EditAlarmViewController.xib */,
				3ABDB78E27BA243200659EC1 /* EditAlarmViewNavigator.swift */,
			);
			path = EditAlarmView;
			sourceTree = "<group>";
		};
		3ABDB78D27BA237600659EC1 /* Views */ = {
			isa = PBXGroup;
			children = (
				3AAC6543274FD0CC00660BFD /* AlarmTableViewCell.swift */,
				3AAC6544274FD0CC00660BFD /* AlarmTableViewCell.xib */,
			);
			path = Views;
			sourceTree = "<group>";
		};
		3ABDB79627BA4AA700659EC1 /* Utils */ = {
			isa = PBXGroup;
			children = (
				3ABDB79727BA4ACE00659EC1 /* UIViewController+Rx.swift */,
			);
			path = Utils;
			sourceTree = "<group>";
		};
		E88EC024E74F257C3AE464A0 /* Pods */ = {
			isa = PBXGroup;
			children = (
				19D2CAA4FE6AD76768AFAFC2 /* Pods-MemoAlarm.debug.xcconfig */,
				755FE0C3A4500872E6942102 /* Pods-MemoAlarm.release.xcconfig */,
			);
			path = Pods;
			sourceTree = "<group>";
		};
/* End PBXGroup section */

/* Begin PBXNativeTarget section */
		3AAC652B274F7B0200660BFD /* MemoAlarm */ = {
			isa = PBXNativeTarget;
			buildConfigurationList = 3AAC6540274F7B0400660BFD /* Build configuration list for PBXNativeTarget "MemoAlarm" */;
			buildPhases = (
				631EBF822724F0F9E947385E /* [CP] Check Pods Manifest.lock */,
				3AAC6528274F7B0200660BFD /* Sources */,
				3AAC6529274F7B0200660BFD /* Frameworks */,
				3AAC652A274F7B0200660BFD /* Resources */,
				A7B97CC5B3D98BD97CE99793 /* [CP] Embed Pods Frameworks */,
			);
			buildRules = (
			);
			dependencies = (
			);
			name = MemoAlarm;
			productName = MemoAlarm;
			productReference = 3AAC652C274F7B0300660BFD /* MemoAlarm.app */;
			productType = "com.apple.product-type.application";
		};
/* End PBXNativeTarget section */

/* Begin PBXProject section */
		3AAC6524274F7B0200660BFD /* Project object */ = {
			isa = PBXProject;
			attributes = {
				LastSwiftUpdateCheck = 1250;
				LastUpgradeCheck = 1250;
				TargetAttributes = {
					3AAC652B274F7B0200660BFD = {
						CreatedOnToolsVersion = 12.5.1;
					};
				};
			};
			buildConfigurationList = 3AAC6527274F7B0200660BFD /* Build configuration list for PBXProject "MemoAlarm" */;
			compatibilityVersion = "Xcode 9.3";
			developmentRegion = en;
			hasScannedForEncodings = 0;
			knownRegions = (
				en,
				Base,
			);
			mainGroup = 3AAC6523274F7B0200660BFD;
			productRefGroup = 3AAC652D274F7B0300660BFD /* Products */;
			projectDirPath = "";
			projectRoot = "";
			targets = (
				3AAC652B274F7B0200660BFD /* MemoAlarm */,
			);
		};
/* End PBXProject section */

/* Begin PBXResourcesBuildPhase section */
		3AAC652A274F7B0200660BFD /* Resources */ = {
			isa = PBXResourcesBuildPhase;
			buildActionMask = 2147483647;
			files = (
				3AAC653C274F7B0400660BFD /* LaunchScreen.storyboard in Resources */,
				3AAC6539274F7B0400660BFD /* Assets.xcassets in Resources */,
				3AE430332779A46F00E80B7A /* EditAlarmViewController.xib in Resources */,
				3AAC6537274F7B0300660BFD /* Main.storyboard in Resources */,
				3AAC6546274FD0CC00660BFD /* AlarmTableViewCell.xib in Resources */,
			);
			runOnlyForDeploymentPostprocessing = 0;
		};
/* End PBXResourcesBuildPhase section */

/* Begin PBXShellScriptBuildPhase section */
		631EBF822724F0F9E947385E /* [CP] Check Pods Manifest.lock */ = {
			isa = PBXShellScriptBuildPhase;
			buildActionMask = 2147483647;
			files = (
			);
			inputFileListPaths = (
			);
			inputPaths = (
				"${PODS_PODFILE_DIR_PATH}/Podfile.lock",
				"${PODS_ROOT}/Manifest.lock",
			);
			name = "[CP] Check Pods Manifest.lock";
			outputFileListPaths = (
			);
			outputPaths = (
				"$(DERIVED_FILE_DIR)/Pods-MemoAlarm-checkManifestLockResult.txt",
			);
			runOnlyForDeploymentPostprocessing = 0;
			shellPath = /bin/sh;
			shellScript = "diff \"${PODS_PODFILE_DIR_PATH}/Podfile.lock\" \"${PODS_ROOT}/Manifest.lock\" > /dev/null\nif [ $? != 0 ] ; then\n    # print error to STDERR\n    echo \"error: The sandbox is not in sync with the Podfile.lock. Run 'pod install' or update your CocoaPods installation.\" >&2\n    exit 1\nfi\n# This output is used by Xcode 'outputs' to avoid re-running this script phase.\necho \"SUCCESS\" > \"${SCRIPT_OUTPUT_FILE_0}\"\n";
			showEnvVarsInLog = 0;
		};
		A7B97CC5B3D98BD97CE99793 /* [CP] Embed Pods Frameworks */ = {
			isa = PBXShellScriptBuildPhase;
			buildActionMask = 2147483647;
			files = (
			);
			inputFileListPaths = (
				"${PODS_ROOT}/Target Support Files/Pods-MemoAlarm/Pods-MemoAlarm-frameworks-${CONFIGURATION}-input-files.xcfilelist",
			);
			name = "[CP] Embed Pods Frameworks";
			outputFileListPaths = (
				"${PODS_ROOT}/Target Support Files/Pods-MemoAlarm/Pods-MemoAlarm-frameworks-${CONFIGURATION}-output-files.xcfilelist",
			);
			runOnlyForDeploymentPostprocessing = 0;
			shellPath = /bin/sh;
			shellScript = "\"${PODS_ROOT}/Target Support Files/Pods-MemoAlarm/Pods-MemoAlarm-frameworks.sh\"\n";
			showEnvVarsInLog = 0;
		};
/* End PBXShellScriptBuildPhase section */

/* Begin PBXSourcesBuildPhase section */
		3AAC6528274F7B0200660BFD /* Sources */ = {
			isa = PBXSourcesBuildPhase;
			buildActionMask = 2147483647;
			files = (
				3A4385B4278AE42C002F7022 /* Router.swift in Sources */,
				3ABDB79527BA28AA00659EC1 /* MainAlarmViewModel.swift in Sources */,
				3ABDB78927BA198D00659EC1 /* NotificationManager.swift in Sources */,
				3ABDB78727BA176500659EC1 /* Database.swift in Sources */,
				3A4385AB2789D199002F7022 /* Alarm.swift in Sources */,
				3A4385B1278A8B39002F7022 /* EditAlarmPresenter.swift in Sources */,
				3ABDB79127BA244A00659EC1 /* MainViewNavigator.swift in Sources */,
				3AE430322779A46F00E80B7A /* EditAlarmViewController.swift in Sources */,
				3ABDB79327BA26E500659EC1 /* EditAlarmViewModel.swift in Sources */,
				3ABDB79827BA4ACE00659EC1 /* UIViewController+Rx.swift in Sources */,
				3ABDB78F27BA243200659EC1 /* EditAlarmViewNavigator.swift in Sources */,
				3AAC6534274F7B0300660BFD /* ViewController.swift in Sources */,
				3A4385B6278B209A002F7022 /* SceneDelegate.swift in Sources */,
				3AAC6530274F7B0300660BFD /* AppDelegate.swift in Sources */,
				3AAC6545274FD0CC00660BFD /* AlarmTableViewCell.swift in Sources */,
				3A33481B2779DA4200F71D3A /* GlobalConst.swift in Sources */,
			);
			runOnlyForDeploymentPostprocessing = 0;
		};
/* End PBXSourcesBuildPhase section */

/* Begin PBXVariantGroup section */
		3AAC6535274F7B0300660BFD /* Main.storyboard */ = {
			isa = PBXVariantGroup;
			children = (
				3AAC6536274F7B0300660BFD /* Base */,
			);
			name = Main.storyboard;
			sourceTree = "<group>";
		};
		3AAC653A274F7B0400660BFD /* LaunchScreen.storyboard */ = {
			isa = PBXVariantGroup;
			children = (
				3AAC653B274F7B0400660BFD /* Base */,
			);
			name = LaunchScreen.storyboard;
			sourceTree = "<group>";
		};
/* End PBXVariantGroup section */

/* Begin XCBuildConfiguration section */
		3AAC653E274F7B0400660BFD /* Debug */ = {
			isa = XCBuildConfiguration;
			buildSettings = {
				ALWAYS_SEARCH_USER_PATHS = NO;
				CLANG_ANALYZER_NONNULL = YES;
				CLANG_ANALYZER_NUMBER_OBJECT_CONVERSION = YES_AGGRESSIVE;
				CLANG_CXX_LANGUAGE_STANDARD = "gnu++14";
				CLANG_CXX_LIBRARY = "libc++";
				CLANG_ENABLE_MODULES = YES;
				CLANG_ENABLE_OBJC_ARC = YES;
				CLANG_ENABLE_OBJC_WEAK = YES;
				CLANG_WARN_BLOCK_CAPTURE_AUTORELEASING = YES;
				CLANG_WARN_BOOL_CONVERSION = YES;
				CLANG_WARN_COMMA = YES;
				CLANG_WARN_CONSTANT_CONVERSION = YES;
				CLANG_WARN_DEPRECATED_OBJC_IMPLEMENTATIONS = YES;
				CLANG_WARN_DIRECT_OBJC_ISA_USAGE = YES_ERROR;
				CLANG_WARN_DOCUMENTATION_COMMENTS = YES;
				CLANG_WARN_EMPTY_BODY = YES;
				CLANG_WARN_ENUM_CONVERSION = YES;
				CLANG_WARN_INFINITE_RECURSION = YES;
				CLANG_WARN_INT_CONVERSION = YES;
				CLANG_WARN_NON_LITERAL_NULL_CONVERSION = YES;
				CLANG_WARN_OBJC_IMPLICIT_RETAIN_SELF = YES;
				CLANG_WARN_OBJC_LITERAL_CONVERSION = YES;
				CLANG_WARN_OBJC_ROOT_CLASS = YES_ERROR;
				CLANG_WARN_QUOTED_INCLUDE_IN_FRAMEWORK_HEADER = YES;
				CLANG_WARN_RANGE_LOOP_ANALYSIS = YES;
				CLANG_WARN_STRICT_PROTOTYPES = YES;
				CLANG_WARN_SUSPICIOUS_MOVE = YES;
				CLANG_WARN_UNGUARDED_AVAILABILITY = YES_AGGRESSIVE;
				CLANG_WARN_UNREACHABLE_CODE = YES;
				CLANG_WARN__DUPLICATE_METHOD_MATCH = YES;
				COPY_PHASE_STRIP = NO;
				DEBUG_INFORMATION_FORMAT = dwarf;
				ENABLE_STRICT_OBJC_MSGSEND = YES;
				ENABLE_TESTABILITY = YES;
				GCC_C_LANGUAGE_STANDARD = gnu11;
				GCC_DYNAMIC_NO_PIC = NO;
				GCC_NO_COMMON_BLOCKS = YES;
				GCC_OPTIMIZATION_LEVEL = 0;
				GCC_PREPROCESSOR_DEFINITIONS = (
					"DEBUG=1",
					"$(inherited)",
				);
				GCC_WARN_64_TO_32_BIT_CONVERSION = YES;
				GCC_WARN_ABOUT_RETURN_TYPE = YES_ERROR;
				GCC_WARN_UNDECLARED_SELECTOR = YES;
				GCC_WARN_UNINITIALIZED_AUTOS = YES_AGGRESSIVE;
				GCC_WARN_UNUSED_FUNCTION = YES;
				GCC_WARN_UNUSED_VARIABLE = YES;
				IPHONEOS_DEPLOYMENT_TARGET = 14.5;
				MTL_ENABLE_DEBUG_INFO = INCLUDE_SOURCE;
				MTL_FAST_MATH = YES;
				ONLY_ACTIVE_ARCH = YES;
				SDKROOT = iphoneos;
				SWIFT_ACTIVE_COMPILATION_CONDITIONS = DEBUG;
				SWIFT_OPTIMIZATION_LEVEL = "-Onone";
			};
			name = Debug;
		};
		3AAC653F274F7B0400660BFD /* Release */ = {
			isa = XCBuildConfiguration;
			buildSettings = {
				ALWAYS_SEARCH_USER_PATHS = NO;
				CLANG_ANALYZER_NONNULL = YES;
				CLANG_ANALYZER_NUMBER_OBJECT_CONVERSION = YES_AGGRESSIVE;
				CLANG_CXX_LANGUAGE_STANDARD = "gnu++14";
				CLANG_CXX_LIBRARY = "libc++";
				CLANG_ENABLE_MODULES = YES;
				CLANG_ENABLE_OBJC_ARC = YES;
				CLANG_ENABLE_OBJC_WEAK = YES;
				CLANG_WARN_BLOCK_CAPTURE_AUTORELEASING = YES;
				CLANG_WARN_BOOL_CONVERSION = YES;
				CLANG_WARN_COMMA = YES;
				CLANG_WARN_CONSTANT_CONVERSION = YES;
				CLANG_WARN_DEPRECATED_OBJC_IMPLEMENTATIONS = YES;
				CLANG_WARN_DIRECT_OBJC_ISA_USAGE = YES_ERROR;
				CLANG_WARN_DOCUMENTATION_COMMENTS = YES;
				CLANG_WARN_EMPTY_BODY = YES;
				CLANG_WARN_ENUM_CONVERSION = YES;
				CLANG_WARN_INFINITE_RECURSION = YES;
				CLANG_WARN_INT_CONVERSION = YES;
				CLANG_WARN_NON_LITERAL_NULL_CONVERSION = YES;
				CLANG_WARN_OBJC_IMPLICIT_RETAIN_SELF = YES;
				CLANG_WARN_OBJC_LITERAL_CONVERSION = YES;
				CLANG_WARN_OBJC_ROOT_CLASS = YES_ERROR;
				CLANG_WARN_QUOTED_INCLUDE_IN_FRAMEWORK_HEADER = YES;
				CLANG_WARN_RANGE_LOOP_ANALYSIS = YES;
				CLANG_WARN_STRICT_PROTOTYPES = YES;
				CLANG_WARN_SUSPICIOUS_MOVE = YES;
				CLANG_WARN_UNGUARDED_AVAILABILITY = YES_AGGRESSIVE;
				CLANG_WARN_UNREACHABLE_CODE = YES;
				CLANG_WARN__DUPLICATE_METHOD_MATCH = YES;
				COPY_PHASE_STRIP = NO;
				DEBUG_INFORMATION_FORMAT = "dwarf-with-dsym";
				ENABLE_NS_ASSERTIONS = NO;
				ENABLE_STRICT_OBJC_MSGSEND = YES;
				GCC_C_LANGUAGE_STANDARD = gnu11;
				GCC_NO_COMMON_BLOCKS = YES;
				GCC_WARN_64_TO_32_BIT_CONVERSION = YES;
				GCC_WARN_ABOUT_RETURN_TYPE = YES_ERROR;
				GCC_WARN_UNDECLARED_SELECTOR = YES;
				GCC_WARN_UNINITIALIZED_AUTOS = YES_AGGRESSIVE;
				GCC_WARN_UNUSED_FUNCTION = YES;
				GCC_WARN_UNUSED_VARIABLE = YES;
				IPHONEOS_DEPLOYMENT_TARGET = 14.5;
				MTL_ENABLE_DEBUG_INFO = NO;
				MTL_FAST_MATH = YES;
				SDKROOT = iphoneos;
				SWIFT_COMPILATION_MODE = wholemodule;
				SWIFT_OPTIMIZATION_LEVEL = "-O";
				VALIDATE_PRODUCT = YES;
			};
			name = Release;
		};
		3AAC6541274F7B0400660BFD /* Debug */ = {
			isa = XCBuildConfiguration;
			baseConfigurationReference = 19D2CAA4FE6AD76768AFAFC2 /* Pods-MemoAlarm.debug.xcconfig */;
			buildSettings = {
				ASSETCATALOG_COMPILER_APPICON_NAME = AppIcon;
				ASSETCATALOG_COMPILER_GLOBAL_ACCENT_COLOR_NAME = AccentColor;
				CODE_SIGN_STYLE = Automatic;
				DEVELOPMENT_TEAM = 9A24N85TWQ;
				INFOPLIST_FILE = MemoAlarm/Info.plist;
				IPHONEOS_DEPLOYMENT_TARGET = 14.7;
				LD_RUNPATH_SEARCH_PATHS = (
					"$(inherited)",
					"@executable_path/Frameworks",
				);
				PRODUCT_BUNDLE_IDENTIFIER = test.MemoAlarm;
				PRODUCT_NAME = "$(TARGET_NAME)";
				SWIFT_VERSION = 5.0;
				TARGETED_DEVICE_FAMILY = "1,2";
			};
			name = Debug;
		};
		3AAC6542274F7B0400660BFD /* Release */ = {
			isa = XCBuildConfiguration;
			baseConfigurationReference = 755FE0C3A4500872E6942102 /* Pods-MemoAlarm.release.xcconfig */;
			buildSettings = {
				ASSETCATALOG_COMPILER_APPICON_NAME = AppIcon;
				ASSETCATALOG_COMPILER_GLOBAL_ACCENT_COLOR_NAME = AccentColor;
				CODE_SIGN_STYLE = Automatic;
				DEVELOPMENT_TEAM = 9A24N85TWQ;
				INFOPLIST_FILE = MemoAlarm/Info.plist;
				IPHONEOS_DEPLOYMENT_TARGET = 14.7;
				LD_RUNPATH_SEARCH_PATHS = (
					"$(inherited)",
					"@executable_path/Frameworks",
				);
				PRODUCT_BUNDLE_IDENTIFIER = test.MemoAlarm;
				PRODUCT_NAME = "$(TARGET_NAME)";
				SWIFT_VERSION = 5.0;
				TARGETED_DEVICE_FAMILY = "1,2";
			};
			name = Release;
		};
/* End XCBuildConfiguration section */

/* Begin XCConfigurationList section */
		3AAC6527274F7B0200660BFD /* Build configuration list for PBXProject "MemoAlarm" */ = {
			isa = XCConfigurationList;
			buildConfigurations = (
				3AAC653E274F7B0400660BFD /* Debug */,
				3AAC653F274F7B0400660BFD /* Release */,
			);
			defaultConfigurationIsVisible = 0;
			defaultConfigurationName = Release;
		};
		3AAC6540274F7B0400660BFD /* Build configuration list for PBXNativeTarget "MemoAlarm" */ = {
			isa = XCConfigurationList;
			buildConfigurations = (
				3AAC6541274F7B0400660BFD /* Debug */,
				3AAC6542274F7B0400660BFD /* Release */,
			);
			defaultConfigurationIsVisible = 0;
			defaultConfigurationName = Release;
		};
/* End XCConfigurationList section */
	};
	rootObject = 3AAC6524274F7B0200660BFD /* Project object */;
}
